// !$*UTF8*$!
{
	archiveVersion = 1;
	classes = {
	};
	objectVersion = 52;
	objects = {

/* Begin PBXBuildFile section */
		68E7C54B242F8FAC00024C7B /* AppDelegate.swift in Sources */ = {isa = PBXBuildFile; fileRef = 68E7C54A242F8FAC00024C7B /* AppDelegate.swift */; };
		68E7C54D242F8FAC00024C7B /* SceneDelegate.swift in Sources */ = {isa = PBXBuildFile; fileRef = 68E7C54C242F8FAC00024C7B /* SceneDelegate.swift */; };
		68E7C54F242F8FAC00024C7B /* ViewController.swift in Sources */ = {isa = PBXBuildFile; fileRef = 68E7C54E242F8FAC00024C7B /* ViewController.swift */; };
		68E7C552242F8FAC00024C7B /* Main.storyboard in Resources */ = {isa = PBXBuildFile; fileRef = 68E7C550242F8FAC00024C7B /* Main.storyboard */; };
		68E7C554242F8FAD00024C7B /* Assets.xcassets in Resources */ = {isa = PBXBuildFile; fileRef = 68E7C553242F8FAD00024C7B /* Assets.xcassets */; };
		68E7C557242F8FAD00024C7B /* LaunchScreen.storyboard in Resources */ = {isa = PBXBuildFile; fileRef = 68E7C555242F8FAD00024C7B /* LaunchScreen.storyboard */; };
		68E7C561242F914A00024C7B /* Stack in Frameworks */ = {isa = PBXBuildFile; productRef = 68E7C560242F914A00024C7B /* Stack */; };
/* End PBXBuildFile section */

/* Begin PBXFileReference section */
		68E7C547242F8FAC00024C7B /* StackExample.app */ = {isa = PBXFileReference; explicitFileType = wrapper.application; includeInIndex = 0; path = StackExample.app; sourceTree = BUILT_PRODUCTS_DIR; };
		68E7C54A242F8FAC00024C7B /* AppDelegate.swift */ = {isa = PBXFileReference; lastKnownFileType = sourcecode.swift; path = AppDelegate.swift; sourceTree = "<group>"; };
		68E7C54C242F8FAC00024C7B /* SceneDelegate.swift */ = {isa = PBXFileReference; lastKnownFileType = sourcecode.swift; path = SceneDelegate.swift; sourceTree = "<group>"; };
		68E7C54E242F8FAC00024C7B /* ViewController.swift */ = {isa = PBXFileReference; lastKnownFileType = sourcecode.swift; path = ViewController.swift; sourceTree = "<group>"; };
		68E7C551242F8FAC00024C7B /* Base */ = {isa = PBXFileReference; lastKnownFileType = file.storyboard; name = Base; path = Base.lproj/Main.storyboard; sourceTree = "<group>"; };
		68E7C553242F8FAD00024C7B /* Assets.xcassets */ = {isa = PBXFileReference; lastKnownFileType = folder.assetcatalog; path = Assets.xcassets; sourceTree = "<group>"; };
		68E7C556242F8FAD00024C7B /* Base */ = {isa = PBXFileReference; lastKnownFileType = file.storyboard; name = Base; path = Base.lproj/LaunchScreen.storyboard; sourceTree = "<group>"; };
		68E7C558242F8FAD00024C7B /* Info.plist */ = {isa = PBXFileReference; lastKnownFileType = text.plist.xml; path = Info.plist; sourceTree = "<group>"; };
		68E7C55E242F911A00024C7B /* Stack */ = {isa = PBXFileReference; lastKnownFileType = folder; name = Stack; path = ..; sourceTree = "<group>"; };
/* End PBXFileReference section */

/* Begin PBXFrameworksBuildPhase section */
		68E7C544242F8FAC00024C7B /* Frameworks */ = {
			isa = PBXFrameworksBuildPhase;
			buildActionMask = 2147483647;
			files = (
				68E7C561242F914A00024C7B /* Stack in Frameworks */,
			);
			runOnlyForDeploymentPostprocessing = 0;
		};
/* End PBXFrameworksBuildPhase section */

/* Begin PBXGroup section */
		68E7C53E242F8FAC00024C7B = {
			isa = PBXGroup;
			children = (
				68E7C55E242F911A00024C7B /* Stack */,
				68E7C549242F8FAC00024C7B /* StackExample */,
				68E7C548242F8FAC00024C7B /* Products */,
				68E7C55F242F914A00024C7B /* Frameworks */,
			);
			sourceTree = "<group>";
		};
		68E7C548242F8FAC00024C7B /* Products */ = {
			isa = PBXGroup;
			children = (
				68E7C547242F8FAC00024C7B /* StackExample.app */,
			);
			name = Products;
			sourceTree = "<group>";
		};
		68E7C549242F8FAC00024C7B /* StackExample */ = {
			isa = PBXGroup;
			children = (
				68E7C54A242F8FAC00024C7B /* AppDelegate.swift */,
				68E7C54C242F8FAC00024C7B /* SceneDelegate.swift */,
				68E7C54E242F8FAC00024C7B /* ViewController.swift */,
				68E7C550242F8FAC00024C7B /* Main.storyboard */,
				68E7C553242F8FAD00024C7B /* Assets.xcassets */,
				68E7C555242F8FAD00024C7B /* LaunchScreen.storyboard */,
				68E7C558242F8FAD00024C7B /* Info.plist */,
			);
			path = StackExample;
			sourceTree = "<group>";
		};
		68E7C55F242F914A00024C7B /* Frameworks */ = {
			isa = PBXGroup;
			children = (
			);
			name = Frameworks;
			sourceTree = "<group>";
		};
/* End PBXGroup section */

/* Begin PBXNativeTarget section */
		68E7C546242F8FAC00024C7B /* StackExample */ = {
			isa = PBXNativeTarget;
			buildConfigurationList = 68E7C55B242F8FAD00024C7B /* Build configuration list for PBXNativeTarget "StackExample" */;
			buildPhases = (
				68E7C543242F8FAC00024C7B /* Sources */,
				68E7C544242F8FAC00024C7B /* Frameworks */,
				68E7C545242F8FAC00024C7B /* Resources */,
			);
			buildRules = (
			);
			dependencies = (
			);
			name = StackExample;
			packageProductDependencies = (
				68E7C560242F914A00024C7B /* Stack */,
			);
			productName = StackExample;
			productReference = 68E7C547242F8FAC00024C7B /* StackExample.app */;
			productType = "com.apple.product-type.application";
		};
/* End PBXNativeTarget section */

/* Begin PBXProject section */
		68E7C53F242F8FAC00024C7B /* Project object */ = {
			isa = PBXProject;
			attributes = {
				LastSwiftUpdateCheck = 1130;
				LastUpgradeCheck = 1130;
				ORGANIZATIONNAME = Jambav;
				TargetAttributes = {
					68E7C546242F8FAC00024C7B = {
						CreatedOnToolsVersion = 11.3.1;
					};
				};
			};
			buildConfigurationList = 68E7C542242F8FAC00024C7B /* Build configuration list for PBXProject "StackExample" */;
			compatibilityVersion = "Xcode 9.3";
			developmentRegion = en;
			hasScannedForEncodings = 0;
			knownRegions = (
				en,
				Base,
			);
			mainGroup = 68E7C53E242F8FAC00024C7B;
			productRefGroup = 68E7C548242F8FAC00024C7B /* Products */;
			projectDirPath = "";
			projectRoot = "";
			targets = (
				68E7C546242F8FAC00024C7B /* StackExample */,
			);
		};
/* End PBXProject section */

/* Begin PBXResourcesBuildPhase section */
		68E7C545242F8FAC00024C7B /* Resources */ = {
			isa = PBXResourcesBuildPhase;
			buildActionMask = 2147483647;
			files = (
				68E7C557242F8FAD00024C7B /* LaunchScreen.storyboard in Resources */,
				68E7C554242F8FAD00024C7B /* Assets.xcassets in Resources */,
				68E7C552242F8FAC00024C7B /* Main.storyboard in Resources */,
			);
			runOnlyForDeploymentPostprocessing = 0;
		};
/* End PBXResourcesBuildPhase section */

/* Begin PBXSourcesBuildPhase section */
		68E7C543242F8FAC00024C7B /* Sources */ = {
			isa = PBXSourcesBuildPhase;
			buildActionMask = 2147483647;
			files = (
				68E7C54F242F8FAC00024C7B /* ViewController.swift in Sources */,
				68E7C54B242F8FAC00024C7B /* AppDelegate.swift in Sources */,
				68E7C54D242F8FAC00024C7B /* SceneDelegate.swift in Sources */,
			);
			runOnlyForDeploymentPostprocessing = 0;
		};
/* End PBXSourcesBuildPhase section */

/* Begin PBXVariantGroup section */
		68E7C550242F8FAC00024C7B /* Main.storyboard */ = {
			isa = PBXVariantGroup;
			children = (
				68E7C551242F8FAC00024C7B /* Base */,
			);
			name = Main.storyboard;
			sourceTree = "<group>";
		};
		68E7C555242F8FAD00024C7B /* LaunchScreen.storyboard */ = {
			isa = PBXVariantGroup;
			children = (
				68E7C556242F8FAD00024C7B /* Base */,
			);
			name = LaunchScreen.storyboard;
			sourceTree = "<group>";
		};
/* End PBXVariantGroup section */

/* Begin XCBuildConfiguration section */
		68E7C559242F8FAD00024C7B /* Debug */ = {
			isa = XCBuildConfiguration;
			buildSettings = {
				ALWAYS_SEARCH_USER_PATHS = NO;
				CLANG_ANALYZER_NONNULL = YES;
				CLANG_ANALYZER_NUMBER_OBJECT_CONVERSION = YES_AGGRESSIVE;
				CLANG_CXX_LANGUAGE_STANDARD = "gnu++14";
				CLANG_CXX_LIBRARY = "libc++";
				CLANG_ENABLE_MODULES = YES;
				CLANG_ENABLE_OBJC_ARC = YES;
				CLANG_ENABLE_OBJC_WEAK = YES;
				CLANG_WARN_BLOCK_CAPTURE_AUTORELEASING = YES;
				CLANG_WARN_BOOL_CONVERSION = YES;
				CLANG_WARN_COMMA = YES;
				CLANG_WARN_CONSTANT_CONVERSION = YES;
				CLANG_WARN_DEPRECATED_OBJC_IMPLEMENTATIONS = YES;
				CLANG_WARN_DIRECT_OBJC_ISA_USAGE = YES_ERROR;
				CLANG_WARN_DOCUMENTATION_COMMENTS = YES;
				CLANG_WARN_EMPTY_BODY = YES;
				CLANG_WARN_ENUM_CONVERSION = YES;
				CLANG_WARN_INFINITE_RECURSION = YES;
				CLANG_WARN_INT_CONVERSION = YES;
				CLANG_WARN_NON_LITERAL_NULL_CONVERSION = YES;
				CLANG_WARN_OBJC_IMPLICIT_RETAIN_SELF = YES;
				CLANG_WARN_OBJC_LITERAL_CONVERSION = YES;
				CLANG_WARN_OBJC_ROOT_CLASS = YES_ERROR;
				CLANG_WARN_RANGE_LOOP_ANALYSIS = YES;
				CLANG_WARN_STRICT_PROTOTYPES = YES;
				CLANG_WARN_SUSPICIOUS_MOVE = YES;
				CLANG_WARN_UNGUARDED_AVAILABILITY = YES_AGGRESSIVE;
				CLANG_WARN_UNREACHABLE_CODE = YES;
				CLANG_WARN__DUPLICATE_METHOD_MATCH = YES;
				COPY_PHASE_STRIP = NO;
				DEBUG_INFORMATION_FORMAT = dwarf;
				ENABLE_STRICT_OBJC_MSGSEND = YES;
				ENABLE_TESTABILITY = YES;
				GCC_C_LANGUAGE_STANDARD = gnu11;
				GCC_DYNAMIC_NO_PIC = NO;
				GCC_NO_COMMON_BLOCKS = YES;
				GCC_OPTIMIZATION_LEVEL = 0;
				GCC_PREPROCESSOR_DEFINITIONS = (
					"DEBUG=1",
					"$(inherited)",
				);
				GCC_WARN_64_TO_32_BIT_CONVERSION = YES;
				GCC_WARN_ABOUT_RETURN_TYPE = YES_ERROR;
				GCC_WARN_UNDECLARED_SELECTOR = YES;
				GCC_WARN_UNINITIALIZED_AUTOS = YES_AGGRESSIVE;
				GCC_WARN_UNUSED_FUNCTION = YES;
				GCC_WARN_UNUSED_VARIABLE = YES;
				IPHONEOS_DEPLOYMENT_TARGET = 8.0;
				MTL_ENABLE_DEBUG_INFO = INCLUDE_SOURCE;
				MTL_FAST_MATH = YES;
				ONLY_ACTIVE_ARCH = YES;
				SDKROOT = iphoneos;
				SWIFT_ACTIVE_COMPILATION_CONDITIONS = DEBUG;
				SWIFT_OPTIMIZATION_LEVEL = "-Onone";
			};
			name = Debug;
		};
		68E7C55A242F8FAD00024C7B /* Release */ = {
			isa = XCBuildConfiguration;
			buildSettings = {
				ALWAYS_SEARCH_USER_PATHS = NO;
				CLANG_ANALYZER_NONNULL = YES;
				CLANG_ANALYZER_NUMBER_OBJECT_CONVERSION = YES_AGGRESSIVE;
				CLANG_CXX_LANGUAGE_STANDARD = "gnu++14";
				CLANG_CXX_LIBRARY = "libc++";
				CLANG_ENABLE_MODULES = YES;
				CLANG_ENABLE_OBJC_ARC = YES;
				CLANG_ENABLE_OBJC_WEAK = YES;
				CLANG_WARN_BLOCK_CAPTURE_AUTORELEASING = YES;
				CLANG_WARN_BOOL_CONVERSION = YES;
				CLANG_WARN_COMMA = YES;
				CLANG_WARN_CONSTANT_CONVERSION = YES;
				CLANG_WARN_DEPRECATED_OBJC_IMPLEMENTATIONS = YES;
				CLANG_WARN_DIRECT_OBJC_ISA_USAGE = YES_ERROR;
				CLANG_WARN_DOCUMENTATION_COMMENTS = YES;
				CLANG_WARN_EMPTY_BODY = YES;
				CLANG_WARN_ENUM_CONVERSION = YES;
				CLANG_WARN_INFINITE_RECURSION = YES;
				CLANG_WARN_INT_CONVERSION = YES;
				CLANG_WARN_NON_LITERAL_NULL_CONVERSION = YES;
				CLANG_WARN_OBJC_IMPLICIT_RETAIN_SELF = YES;
				CLANG_WARN_OBJC_LITERAL_CONVERSION = YES;
				CLANG_WARN_OBJC_ROOT_CLASS = YES_ERROR;
				CLANG_WARN_RANGE_LOOP_ANALYSIS = YES;
				CLANG_WARN_STRICT_PROTOTYPES = YES;
				CLANG_WARN_SUSPICIOUS_MOVE = YES;
				CLANG_WARN_UNGUARDED_AVAILABILITY = YES_AGGRESSIVE;
				CLANG_WARN_UNREACHABLE_CODE = YES;
				CLANG_WARN__DUPLICATE_METHOD_MATCH = YES;
				COPY_PHASE_STRIP = NO;
				DEBUG_INFORMATION_FORMAT = "dwarf-with-dsym";
				ENABLE_NS_ASSERTIONS = NO;
				ENABLE_STRICT_OBJC_MSGSEND = YES;
				GCC_C_LANGUAGE_STANDARD = gnu11;
				GCC_NO_COMMON_BLOCKS = YES;
				GCC_WARN_64_TO_32_BIT_CONVERSION = YES;
				GCC_WARN_ABOUT_RETURN_TYPE = YES_ERROR;
				GCC_WARN_UNDECLARED_SELECTOR = YES;
				GCC_WARN_UNINITIALIZED_AUTOS = YES_AGGRESSIVE;
				GCC_WARN_UNUSED_FUNCTION = YES;
				GCC_WARN_UNUSED_VARIABLE = YES;
				IPHONEOS_DEPLOYMENT_TARGET = 8.0;
				MTL_ENABLE_DEBUG_INFO = NO;
				MTL_FAST_MATH = YES;
				SDKROOT = iphoneos;
				SWIFT_COMPILATION_MODE = wholemodule;
				SWIFT_OPTIMIZATION_LEVEL = "-O";
				VALIDATE_PRODUCT = YES;
			};
			name = Release;
		};
		68E7C55C242F8FAD00024C7B /* Debug */ = {
			isa = XCBuildConfiguration;
			buildSettings = {
				ASSETCATALOG_COMPILER_APPICON_NAME = AppIcon;
				CODE_SIGN_STYLE = Automatic;
				INFOPLIST_FILE = StackExample/Info.plist;
				LD_RUNPATH_SEARCH_PATHS = (
					"$(inherited)",
					"@executable_path/Frameworks",
				);
				PRODUCT_BUNDLE_IDENTIFIER = com.jambav.StackExample;
				PRODUCT_NAME = "$(TARGET_NAME)";
				SWIFT_VERSION = 5.0;
				TARGETED_DEVICE_FAMILY = "1,2";
			};
			name = Debug;
		};
		68E7C55D242F8FAD00024C7B /* Release */ = {
			isa = XCBuildConfiguration;
			buildSettings = {
				ASSETCATALOG_COMPILER_APPICON_NAME = AppIcon;
				CODE_SIGN_STYLE = Automatic;
				INFOPLIST_FILE = StackExample/Info.plist;
				LD_RUNPATH_SEARCH_PATHS = (
					"$(inherited)",
					"@executable_path/Frameworks",
				);
				PRODUCT_BUNDLE_IDENTIFIER = com.jambav.StackExample;
				PRODUCT_NAME = "$(TARGET_NAME)";
				SWIFT_VERSION = 5.0;
				TARGETED_DEVICE_FAMILY = "1,2";
			};
			name = Release;
		};
/* End XCBuildConfiguration section */

/* Begin XCConfigurationList section */
		68E7C542242F8FAC00024C7B /* Build configuration list for PBXProject "StackExample" */ = {
			isa = XCConfigurationList;
			buildConfigurations = (
				68E7C559242F8FAD00024C7B /* Debug */,
				68E7C55A242F8FAD00024C7B /* Release */,
			);
			defaultConfigurationIsVisible = 0;
			defaultConfigurationName = Release;
		};
		68E7C55B242F8FAD00024C7B /* Build configuration list for PBXNativeTarget "StackExample" */ = {
			isa = XCConfigurationList;
			buildConfigurations = (
				68E7C55C242F8FAD00024C7B /* Debug */,
				68E7C55D242F8FAD00024C7B /* Release */,
			);
			defaultConfigurationIsVisible = 0;
			defaultConfigurationName = Release;
		};
/* End XCConfigurationList section */

/* Begin XCSwiftPackageProductDependency section */
		68E7C560242F914A00024C7B /* Stack */ = {
			isa = XCSwiftPackageProductDependency;
			productName = Stack;
		};
/* End XCSwiftPackageProductDependency section */
	};
	rootObject = 68E7C53F242F8FAC00024C7B /* Project object */;
}
